// !$*UTF8*$!
{
	archiveVersion = 1;
	classes = {
	};
	objectVersion = 46;
	objects = {

/* Begin PBXBuildFile section */
		ACAD33761CD74A2600910AA9 /* PokeCell.swift in Sources */ = {isa = PBXBuildFile; fileRef = ACAD33751CD74A2600910AA9 /* PokeCell.swift */; };
		ACAD33791CD7513F00910AA9 /* csv.swift in Sources */ = {isa = PBXBuildFile; fileRef = ACAD33781CD7513F00910AA9 /* csv.swift */; };
		ACAD337D1CD75B7E00910AA9 /* PokemonSolid.ttf in Resources */ = {isa = PBXBuildFile; fileRef = ACAD337C1CD75B7E00910AA9 /* PokemonSolid.ttf */; };
		ACAD337F1CD75E3100910AA9 /* music.mp3 in Resources */ = {isa = PBXBuildFile; fileRef = ACAD337E1CD75E3100910AA9 /* music.mp3 */; };
		ACCB6FB21CD6A26D00528719 /* AppDelegate.swift in Sources */ = {isa = PBXBuildFile; fileRef = ACCB6FB11CD6A26D00528719 /* AppDelegate.swift */; };
		ACCB6FB41CD6A26D00528719 /* ViewController.swift in Sources */ = {isa = PBXBuildFile; fileRef = ACCB6FB31CD6A26D00528719 /* ViewController.swift */; };
		ACCB6FB71CD6A26D00528719 /* Main.storyboard in Resources */ = {isa = PBXBuildFile; fileRef = ACCB6FB51CD6A26D00528719 /* Main.storyboard */; };
		ACCB6FB91CD6A26D00528719 /* Assets.xcassets in Resources */ = {isa = PBXBuildFile; fileRef = ACCB6FB81CD6A26D00528719 /* Assets.xcassets */; };
		ACCB6FBC1CD6A26D00528719 /* LaunchScreen.storyboard in Resources */ = {isa = PBXBuildFile; fileRef = ACCB6FBA1CD6A26D00528719 /* LaunchScreen.storyboard */; };
		ACCB6FC41CD6A4C100528719 /* pokemon.csv in Resources */ = {isa = PBXBuildFile; fileRef = ACCB6FC31CD6A4C100528719 /* pokemon.csv */; };
		ACCB6FC91CD6A73B00528719 /* Pokemon.swift in Sources */ = {isa = PBXBuildFile; fileRef = ACCB6FC81CD6A73B00528719 /* Pokemon.swift */; };
/* End PBXBuildFile section */

/* Begin PBXFileReference section */
		ACAD33751CD74A2600910AA9 /* PokeCell.swift */ = {isa = PBXFileReference; fileEncoding = 4; lastKnownFileType = sourcecode.swift; path = PokeCell.swift; sourceTree = "<group>"; };
		ACAD33781CD7513F00910AA9 /* csv.swift */ = {isa = PBXFileReference; fileEncoding = 4; lastKnownFileType = sourcecode.swift; path = csv.swift; sourceTree = "<group>"; };
		ACAD337C1CD75B7E00910AA9 /* PokemonSolid.ttf */ = {isa = PBXFileReference; lastKnownFileType = file; path = PokemonSolid.ttf; sourceTree = "<group>"; };
		ACAD337E1CD75E3100910AA9 /* music.mp3 */ = {isa = PBXFileReference; lastKnownFileType = audio.mp3; path = music.mp3; sourceTree = "<group>"; };
		ACCB6FAE1CD6A26D00528719 /* Pokedex.app */ = {isa = PBXFileReference; explicitFileType = wrapper.application; includeInIndex = 0; path = Pokedex.app; sourceTree = BUILT_PRODUCTS_DIR; };
		ACCB6FB11CD6A26D00528719 /* AppDelegate.swift */ = {isa = PBXFileReference; lastKnownFileType = sourcecode.swift; path = AppDelegate.swift; sourceTree = "<group>"; };
		ACCB6FB31CD6A26D00528719 /* ViewController.swift */ = {isa = PBXFileReference; lastKnownFileType = sourcecode.swift; path = ViewController.swift; sourceTree = "<group>"; };
		ACCB6FB61CD6A26D00528719 /* Base */ = {isa = PBXFileReference; lastKnownFileType = file.storyboard; name = Base; path = Base.lproj/Main.storyboard; sourceTree = "<group>"; };
		ACCB6FB81CD6A26D00528719 /* Assets.xcassets */ = {isa = PBXFileReference; lastKnownFileType = folder.assetcatalog; path = Assets.xcassets; sourceTree = "<group>"; };
		ACCB6FBB1CD6A26D00528719 /* Base */ = {isa = PBXFileReference; lastKnownFileType = file.storyboard; name = Base; path = Base.lproj/LaunchScreen.storyboard; sourceTree = "<group>"; };
		ACCB6FBD1CD6A26D00528719 /* Info.plist */ = {isa = PBXFileReference; lastKnownFileType = text.plist.xml; path = Info.plist; sourceTree = "<group>"; };
		ACCB6FC31CD6A4C100528719 /* pokemon.csv */ = {isa = PBXFileReference; fileEncoding = 4; lastKnownFileType = text; path = pokemon.csv; sourceTree = "<group>"; };
		ACCB6FC81CD6A73B00528719 /* Pokemon.swift */ = {isa = PBXFileReference; fileEncoding = 4; lastKnownFileType = sourcecode.swift; name = Pokemon.swift; path = ../Pokemon.swift; sourceTree = "<group>"; };
/* End PBXFileReference section */

/* Begin PBXFrameworksBuildPhase section */
		ACCB6FAB1CD6A26D00528719 /* Frameworks */ = {
			isa = PBXFrameworksBuildPhase;
			buildActionMask = 2147483647;
			files = (
			);
			runOnlyForDeploymentPostprocessing = 0;
		};
/* End PBXFrameworksBuildPhase section */

/* Begin PBXGroup section */
		ACAD33741CD74A0200910AA9 /* View */ = {
			isa = PBXGroup;
			children = (
				ACCB6FBA1CD6A26D00528719 /* LaunchScreen.storyboard */,
				ACCB6FB51CD6A26D00528719 /* Main.storyboard */,
				ACAD33751CD74A2600910AA9 /* PokeCell.swift */,
			);
			name = View;
			sourceTree = "<group>";
		};
		ACAD33771CD74B9000910AA9 /* Controller */ = {
			isa = PBXGroup;
			children = (
				ACCB6FB31CD6A26D00528719 /* ViewController.swift */,
			);
			name = Controller;
			sourceTree = "<group>";
		};
		ACAD337A1CD7515800910AA9 /* Utilities */ = {
			isa = PBXGroup;
			children = (
				ACAD33781CD7513F00910AA9 /* csv.swift */,
			);
			name = Utilities;
			sourceTree = "<group>";
		};
		ACAD337B1CD7517100910AA9 /* Ressources */ = {
			isa = PBXGroup;
			children = (
				ACAD337C1CD75B7E00910AA9 /* PokemonSolid.ttf */,
				ACCB6FC31CD6A4C100528719 /* pokemon.csv */,
			);
			name = Ressources;
			sourceTree = "<group>";
		};
		ACCB6FA51CD6A26D00528719 = {
			isa = PBXGroup;
			children = (
				ACCB6FB01CD6A26D00528719 /* Pokedex */,
				ACCB6FAF1CD6A26D00528719 /* Products */,
			);
			sourceTree = "<group>";
		};
		ACCB6FAF1CD6A26D00528719 /* Products */ = {
			isa = PBXGroup;
			children = (
				ACCB6FAE1CD6A26D00528719 /* Pokedex.app */,
			);
			name = Products;
			sourceTree = "<group>";
		};
		ACCB6FB01CD6A26D00528719 /* Pokedex */ = {
			isa = PBXGroup;
			children = (
				ACAD337B1CD7517100910AA9 /* Ressources */,
				ACAD337A1CD7515800910AA9 /* Utilities */,
				ACCB6FC51CD6A71A00528719 /* Model */,
				ACAD33741CD74A0200910AA9 /* View */,
				ACAD33771CD74B9000910AA9 /* Controller */,
				ACCB6FB11CD6A26D00528719 /* AppDelegate.swift */,
				ACAD337E1CD75E3100910AA9 /* music.mp3 */,
				ACCB6FB81CD6A26D00528719 /* Assets.xcassets */,
				ACCB6FBD1CD6A26D00528719 /* Info.plist */,
			);
			path = Pokedex;
			sourceTree = "<group>";
		};
		ACCB6FC51CD6A71A00528719 /* Model */ = {
			isa = PBXGroup;
			children = (
				ACCB6FC81CD6A73B00528719 /* Pokemon.swift */,
			);
			name = Model;
			sourceTree = "<group>";
		};
/* End PBXGroup section */

/* Begin PBXNativeTarget section */
		ACCB6FAD1CD6A26D00528719 /* Pokedex */ = {
			isa = PBXNativeTarget;
			buildConfigurationList = ACCB6FC01CD6A26D00528719 /* Build configuration list for PBXNativeTarget "Pokedex" */;
			buildPhases = (
				ACCB6FAA1CD6A26D00528719 /* Sources */,
				ACCB6FAB1CD6A26D00528719 /* Frameworks */,
				ACCB6FAC1CD6A26D00528719 /* Resources */,
			);
			buildRules = (
			);
			dependencies = (
			);
			name = Pokedex;
			productName = Pokedex;
			productReference = ACCB6FAE1CD6A26D00528719 /* Pokedex.app */;
			productType = "com.apple.product-type.application";
		};
/* End PBXNativeTarget section */

/* Begin PBXProject section */
		ACCB6FA61CD6A26D00528719 /* Project object */ = {
			isa = PBXProject;
			attributes = {
				LastSwiftUpdateCheck = 0730;
				LastUpgradeCheck = 0730;
				ORGANIZATIONNAME = "Pierre De Pingon";
				TargetAttributes = {
					ACCB6FAD1CD6A26D00528719 = {
						CreatedOnToolsVersion = 7.3;
					};
				};
			};
			buildConfigurationList = ACCB6FA91CD6A26D00528719 /* Build configuration list for PBXProject "Pokedex" */;
			compatibilityVersion = "Xcode 3.2";
			developmentRegion = English;
			hasScannedForEncodings = 0;
			knownRegions = (
				en,
				Base,
			);
			mainGroup = ACCB6FA51CD6A26D00528719;
			productRefGroup = ACCB6FAF1CD6A26D00528719 /* Products */;
			projectDirPath = "";
			projectRoot = "";
			targets = (
				ACCB6FAD1CD6A26D00528719 /* Pokedex */,
			);
		};
/* End PBXProject section */

/* Begin PBXResourcesBuildPhase section */
		ACCB6FAC1CD6A26D00528719 /* Resources */ = {
			isa = PBXResourcesBuildPhase;
			buildActionMask = 2147483647;
			files = (
				ACCB6FBC1CD6A26D00528719 /* LaunchScreen.storyboard in Resources */,
				ACCB6FB91CD6A26D00528719 /* Assets.xcassets in Resources */,
				ACAD337F1CD75E3100910AA9 /* music.mp3 in Resources */,
				ACCB6FC41CD6A4C100528719 /* pokemon.csv in Resources */,
				ACAD337D1CD75B7E00910AA9 /* PokemonSolid.ttf in Resources */,
				ACCB6FB71CD6A26D00528719 /* Main.storyboard in Resources */,
			);
			runOnlyForDeploymentPostprocessing = 0;
		};
/* End PBXResourcesBuildPhase section */

/* Begin PBXSourcesBuildPhase section */
		ACCB6FAA1CD6A26D00528719 /* Sources */ = {
			isa = PBXSourcesBuildPhase;
			buildActionMask = 2147483647;
			files = (
				ACAD33761CD74A2600910AA9 /* PokeCell.swift in Sources */,
				ACCB6FB41CD6A26D00528719 /* ViewController.swift in Sources */,
				ACCB6FB21CD6A26D00528719 /* AppDelegate.swift in Sources */,
				ACCB6FC91CD6A73B00528719 /* Pokemon.swift in Sources */,
				ACAD33791CD7513F00910AA9 /* csv.swift in Sources */,
			);
			runOnlyForDeploymentPostprocessing = 0;
		};
/* End PBXSourcesBuildPhase section */

/* Begin PBXVariantGroup section */
		ACCB6FB51CD6A26D00528719 /* Main.storyboard */ = {
			isa = PBXVariantGroup;
			children = (
				ACCB6FB61CD6A26D00528719 /* Base */,
			);
			name = Main.storyboard;
			sourceTree = "<group>";
		};
		ACCB6FBA1CD6A26D00528719 /* LaunchScreen.storyboard */ = {
			isa = PBXVariantGroup;
			children = (
				ACCB6FBB1CD6A26D00528719 /* Base */,
			);
			name = LaunchScreen.storyboard;
			sourceTree = "<group>";
		};
/* End PBXVariantGroup section */

/* Begin XCBuildConfiguration section */
		ACCB6FBE1CD6A26D00528719 /* Debug */ = {
			isa = XCBuildConfiguration;
			buildSettings = {
				ALWAYS_SEARCH_USER_PATHS = NO;
				CLANG_ANALYZER_NONNULL = YES;
				CLANG_CXX_LANGUAGE_STANDARD = "gnu++0x";
				CLANG_CXX_LIBRARY = "libc++";
				CLANG_ENABLE_MODULES = YES;
				CLANG_ENABLE_OBJC_ARC = YES;
				CLANG_WARN_BOOL_CONVERSION = YES;
				CLANG_WARN_CONSTANT_CONVERSION = YES;
				CLANG_WARN_DIRECT_OBJC_ISA_USAGE = YES_ERROR;
				CLANG_WARN_EMPTY_BODY = YES;
				CLANG_WARN_ENUM_CONVERSION = YES;
				CLANG_WARN_INT_CONVERSION = YES;
				CLANG_WARN_OBJC_ROOT_CLASS = YES_ERROR;
				CLANG_WARN_UNREACHABLE_CODE = YES;
				CLANG_WARN__DUPLICATE_METHOD_MATCH = YES;
				"CODE_SIGN_IDENTITY[sdk=iphoneos*]" = "iPhone Developer";
				COPY_PHASE_STRIP = NO;
				DEBUG_INFORMATION_FORMAT = dwarf;
				ENABLE_STRICT_OBJC_MSGSEND = YES;
				ENABLE_TESTABILITY = YES;
				GCC_C_LANGUAGE_STANDARD = gnu99;
				GCC_DYNAMIC_NO_PIC = NO;
				GCC_NO_COMMON_BLOCKS = YES;
				GCC_OPTIMIZATION_LEVEL = 0;
				GCC_PREPROCESSOR_DEFINITIONS = (
					"DEBUG=1",
					"$(inherited)",
				);
				GCC_WARN_64_TO_32_BIT_CONVERSION = YES;
				GCC_WARN_ABOUT_RETURN_TYPE = YES_ERROR;
				GCC_WARN_UNDECLARED_SELECTOR = YES;
				GCC_WARN_UNINITIALIZED_AUTOS = YES_AGGRESSIVE;
				GCC_WARN_UNUSED_FUNCTION = YES;
				GCC_WARN_UNUSED_VARIABLE = YES;
				IPHONEOS_DEPLOYMENT_TARGET = 9.3;
				MTL_ENABLE_DEBUG_INFO = YES;
				ONLY_ACTIVE_ARCH = YES;
				SDKROOT = iphoneos;
				SWIFT_OPTIMIZATION_LEVEL = "-Onone";
				TARGETED_DEVICE_FAMILY = "1,2";
			};
			name = Debug;
		};
		ACCB6FBF1CD6A26D00528719 /* Release */ = {
			isa = XCBuildConfiguration;
			buildSettings = {
				ALWAYS_SEARCH_USER_PATHS = NO;
				CLANG_ANALYZER_NONNULL = YES;
				CLANG_CXX_LANGUAGE_STANDARD = "gnu++0x";
				CLANG_CXX_LIBRARY = "libc++";
				CLANG_ENABLE_MODULES = YES;
				CLANG_ENABLE_OBJC_ARC = YES;
				CLANG_WARN_BOOL_CONVERSION = YES;
				CLANG_WARN_CONSTANT_CONVERSION = YES;
				CLANG_WARN_DIRECT_OBJC_ISA_USAGE = YES_ERROR;
				CLANG_WARN_EMPTY_BODY = YES;
				CLANG_WARN_ENUM_CONVERSION = YES;
				CLANG_WARN_INT_CONVERSION = YES;
				CLANG_WARN_OBJC_ROOT_CLASS = YES_ERROR;
				CLANG_WARN_UNREACHABLE_CODE = YES;
				CLANG_WARN__DUPLICATE_METHOD_MATCH = YES;
				"CODE_SIGN_IDENTITY[sdk=iphoneos*]" = "iPhone Developer";
				COPY_PHASE_STRIP = NO;
				DEBUG_INFORMATION_FORMAT = "dwarf-with-dsym";
				ENABLE_NS_ASSERTIONS = NO;
				ENABLE_STRICT_OBJC_MSGSEND = YES;
				GCC_C_LANGUAGE_STANDARD = gnu99;
				GCC_NO_COMMON_BLOCKS = YES;
				GCC_WARN_64_TO_32_BIT_CONVERSION = YES;
				GCC_WARN_ABOUT_RETURN_TYPE = YES_ERROR;
				GCC_WARN_UNDECLARED_SELECTOR = YES;
				GCC_WARN_UNINITIALIZED_AUTOS = YES_AGGRESSIVE;
				GCC_WARN_UNUSED_FUNCTION = YES;
				GCC_WARN_UNUSED_VARIABLE = YES;
				IPHONEOS_DEPLOYMENT_TARGET = 9.3;
				MTL_ENABLE_DEBUG_INFO = NO;
				SDKROOT = iphoneos;
				TARGETED_DEVICE_FAMILY = "1,2";
				VALIDATE_PRODUCT = YES;
			};
			name = Release;
		};
		ACCB6FC11CD6A26D00528719 /* Debug */ = {
			isa = XCBuildConfiguration;
			buildSettings = {
				ASSETCATALOG_COMPILER_APPICON_NAME = AppIcon;
				INFOPLIST_FILE = Pokedex/Info.plist;
				LD_RUNPATH_SEARCH_PATHS = "$(inherited) @executable_path/Frameworks";
				PRODUCT_BUNDLE_IDENTIFIER = "com.Citizen-ACTS-.Pokedex";
				PRODUCT_NAME = "$(TARGET_NAME)";
			};
			name = Debug;
		};
		ACCB6FC21CD6A26D00528719 /* Release */ = {
			isa = XCBuildConfiguration;
			buildSettings = {
				ASSETCATALOG_COMPILER_APPICON_NAME = AppIcon;
				INFOPLIST_FILE = Pokedex/Info.plist;
				LD_RUNPATH_SEARCH_PATHS = "$(inherited) @executable_path/Frameworks";
				PRODUCT_BUNDLE_IDENTIFIER = "com.Citizen-ACTS-.Pokedex";
				PRODUCT_NAME = "$(TARGET_NAME)";
			};
			name = Release;
		};
/* End XCBuildConfiguration section */

/* Begin XCConfigurationList section */
		ACCB6FA91CD6A26D00528719 /* Build configuration list for PBXProject "Pokedex" */ = {
			isa = XCConfigurationList;
			buildConfigurations = (
				ACCB6FBE1CD6A26D00528719 /* Debug */,
				ACCB6FBF1CD6A26D00528719 /* Release */,
			);
			defaultConfigurationIsVisible = 0;
			defaultConfigurationName = Release;
		};
		ACCB6FC01CD6A26D00528719 /* Build configuration list for PBXNativeTarget "Pokedex" */ = {
			isa = XCConfigurationList;
			buildConfigurations = (
				ACCB6FC11CD6A26D00528719 /* Debug */,
				ACCB6FC21CD6A26D00528719 /* Release */,
			);
			defaultConfigurationIsVisible = 0;
			defaultConfigurationName = Release;
		};
/* End XCConfigurationList section */
	};
	rootObject = ACCB6FA61CD6A26D00528719 /* Project object */;
}
